// !$*UTF8*$!
{
	archiveVersion = 1;
	classes = {
	};
	objectVersion = 46;
	objects = {

/* Begin PBXBuildFile section */
		A52240521E8E1FC500383D22 /* AFHTTPSessionManager.m in Sources */ = {isa = PBXBuildFile; fileRef = A52240461E8E1FC500383D22 /* AFHTTPSessionManager.m */; };
		A52240531E8E1FC500383D22 /* AFNetworkReachabilityManager.m in Sources */ = {isa = PBXBuildFile; fileRef = A52240491E8E1FC500383D22 /* AFNetworkReachabilityManager.m */; };
		A52240541E8E1FC500383D22 /* AFSecurityPolicy.m in Sources */ = {isa = PBXBuildFile; fileRef = A522404B1E8E1FC500383D22 /* AFSecurityPolicy.m */; };
		A52240551E8E1FC500383D22 /* AFURLRequestSerialization.m in Sources */ = {isa = PBXBuildFile; fileRef = A522404D1E8E1FC500383D22 /* AFURLRequestSerialization.m */; };
		A52240561E8E1FC500383D22 /* AFURLResponseSerialization.m in Sources */ = {isa = PBXBuildFile; fileRef = A522404F1E8E1FC500383D22 /* AFURLResponseSerialization.m */; };
		A52240571E8E1FC500383D22 /* AFURLSessionManager.m in Sources */ = {isa = PBXBuildFile; fileRef = A52240511E8E1FC500383D22 /* AFURLSessionManager.m */; };
		A522405A1E8E1FF500383D22 /* SYCRequestManager.m in Sources */ = {isa = PBXBuildFile; fileRef = A52240591E8E1FF500383D22 /* SYCRequestManager.m */; };
		A522405E1E8E6B2400383D22 /* libsqlite3.tbd in Frameworks */ = {isa = PBXBuildFile; fileRef = A522405D1E8E6B2400383D22 /* libsqlite3.tbd */; };
		A52240631E8E6B5C00383D22 /* SYCDataManager.m in Sources */ = {isa = PBXBuildFile; fileRef = A52240621E8E6B5C00383D22 /* SYCDataManager.m */; };
		A53C1AD61E8CE0650061E11D /* AllContactViewController.m in Sources */ = {isa = PBXBuildFile; fileRef = A53C1ACF1E8CE0650061E11D /* AllContactViewController.m */; };
		A53C1AD71E8CE0650061E11D /* IndividualchatViewController.m in Sources */ = {isa = PBXBuildFile; fileRef = A53C1AD11E8CE0650061E11D /* IndividualchatViewController.m */; };
		A53C1AD81E8CE0650061E11D /* OnlineuserViewController.m in Sources */ = {isa = PBXBuildFile; fileRef = A53C1AD31E8CE0650061E11D /* OnlineuserViewController.m */; };
		A53C1AD91E8CE0650061E11D /* ViewController.m in Sources */ = {isa = PBXBuildFile; fileRef = A53C1AD51E8CE0650061E11D /* ViewController.m */; };
		A53C1ADD1E8CE09A0061E11D /* chatcellTableViewCell.m in Sources */ = {isa = PBXBuildFile; fileRef = A53C1ADC1E8CE09A0061E11D /* chatcellTableViewCell.m */; };
		A53C1AE41E8CE0F60061E11D /* Constantobject.m in Sources */ = {isa = PBXBuildFile; fileRef = A53C1AE11E8CE0F60061E11D /* Constantobject.m */; };
		A53C1AE51E8CE0F60061E11D /* Contact.m in Sources */ = {isa = PBXBuildFile; fileRef = A53C1AE31E8CE0F60061E11D /* Contact.m */; };
		A53C1AE91E8CE14E0061E11D /* ChatConfig.m in Sources */ = {isa = PBXBuildFile; fileRef = A53C1AE81E8CE14E0061E11D /* ChatConfig.m */; };
		A53C1AEE1E8CFF100061E11D /* offline.png in Resources */ = {isa = PBXBuildFile; fileRef = A53C1AEC1E8CFF100061E11D /* offline.png */; };
		A53C1AEF1E8CFF100061E11D /* online.png in Resources */ = {isa = PBXBuildFile; fileRef = A53C1AED1E8CFF100061E11D /* online.png */; };
		A53C1AF51E8CFFA90061E11D /* SYCStatusCell.m in Sources */ = {isa = PBXBuildFile; fileRef = A53C1AF41E8CFFA90061E11D /* SYCStatusCell.m */; };
		A53C1AF91E8D1B7D0061E11D /* SYCAskerQustionCell.m in Sources */ = {isa = PBXBuildFile; fileRef = A53C1AF81E8D1B7D0061E11D /* SYCAskerQustionCell.m */; };
		A53C1AFC1E8D1BC60061E11D /* SYCAskerQusetionController.m in Sources */ = {isa = PBXBuildFile; fileRef = A53C1AFB1E8D1BC60061E11D /* SYCAskerQusetionController.m */; };
		A53CE6B51E921507003F0214 /* SWRevealViewController.m in Sources */ = {isa = PBXBuildFile; fileRef = A53CE6B41E921507003F0214 /* SWRevealViewController.m */; };
		A53CE6B81E921640003F0214 /* SYCMenuViewController.m in Sources */ = {isa = PBXBuildFile; fileRef = A53CE6B71E921640003F0214 /* SYCMenuViewController.m */; };
		A53CE6BA1E921897003F0214 /* sidebaricon.png in Resources */ = {isa = PBXBuildFile; fileRef = A53CE6B91E921897003F0214 /* sidebaricon.png */; };
		A56525471E8F866A00BB676A /* SYCQusetionAnswerController.m in Sources */ = {isa = PBXBuildFile; fileRef = A56525461E8F866A00BB676A /* SYCQusetionAnswerController.m */; };
		A56525591E8F8A3300BB676A /* HPGrowingTextView.m in Sources */ = {isa = PBXBuildFile; fileRef = A565254A1E8F8A3300BB676A /* HPGrowingTextView.m */; };
		A565255A1E8F8A3300BB676A /* HPTextViewInternal.m in Sources */ = {isa = PBXBuildFile; fileRef = A565254C1E8F8A3300BB676A /* HPTextViewInternal.m */; };
		A565255B1E8F8A3300BB676A /* malerts.png in Resources */ = {isa = PBXBuildFile; fileRef = A565254D1E8F8A3300BB676A /* malerts.png */; };
		A565255C1E8F8A3300BB676A /* malerts@2x.png in Resources */ = {isa = PBXBuildFile; fileRef = A565254E1E8F8A3300BB676A /* malerts@2x.png */; };
		A565255D1E8F8A3300BB676A /* malerts@@3x.png in Resources */ = {isa = PBXBuildFile; fileRef = A565254F1E8F8A3300BB676A /* malerts@@3x.png */; };
		A565255E1E8F8A3300BB676A /* MessageEntryBackground.png in Resources */ = {isa = PBXBuildFile; fileRef = A56525501E8F8A3300BB676A /* MessageEntryBackground.png */; };
		A565255F1E8F8A3300BB676A /* MessageEntryBackground@2x.png in Resources */ = {isa = PBXBuildFile; fileRef = A56525511E8F8A3300BB676A /* MessageEntryBackground@2x.png */; };
		A56525601E8F8A3300BB676A /* MessageEntryBackground@3x.png in Resources */ = {isa = PBXBuildFile; fileRef = A56525521E8F8A3300BB676A /* MessageEntryBackground@3x.png */; };
		A56525611E8F8A3300BB676A /* MessageEntryInputField.png in Resources */ = {isa = PBXBuildFile; fileRef = A56525531E8F8A3300BB676A /* MessageEntryInputField.png */; };
		A56525621E8F8A3300BB676A /* MessageEntryInputField@2x.png in Resources */ = {isa = PBXBuildFile; fileRef = A56525541E8F8A3300BB676A /* MessageEntryInputField@2x.png */; };
		A56525631E8F8A3300BB676A /* MessageEntrySendButton.png in Resources */ = {isa = PBXBuildFile; fileRef = A56525551E8F8A3300BB676A /* MessageEntrySendButton.png */; };
		A56525641E8F8A3300BB676A /* MessageEntrySendButton@2x.png in Resources */ = {isa = PBXBuildFile; fileRef = A56525561E8F8A3300BB676A /* MessageEntrySendButton@2x.png */; };
		A56525651E8F8A3300BB676A /* MessageEntrySendButtonPressed.png in Resources */ = {isa = PBXBuildFile; fileRef = A56525571E8F8A3300BB676A /* MessageEntrySendButtonPressed.png */; };
		A56525661E8F8A3300BB676A /* MessageEntrySendButtonPressed@2x.png in Resources */ = {isa = PBXBuildFile; fileRef = A56525581E8F8A3300BB676A /* MessageEntrySendButtonPressed@2x.png */; };
		A565256A1E8F9CA200BB676A /* SYCQACellTableViewCell.m in Sources */ = {isa = PBXBuildFile; fileRef = A56525691E8F9CA200BB676A /* SYCQACellTableViewCell.m */; };
		A565256D1E8FBF8500BB676A /* Database.pages in Resources */ = {isa = PBXBuildFile; fileRef = A565256C1E8FBF8500BB676A /* Database.pages */; };
		A56DF0451E2CD50600CE97C7 /* Contacts.framework in Frameworks */ = {isa = PBXBuildFile; fileRef = A56DF0441E2CD50600CE97C7 /* Contacts.framework */; };
		A570ECC41E27A5FC001BA181 /* main.m in Sources */ = {isa = PBXBuildFile; fileRef = A570ECC31E27A5FC001BA181 /* main.m */; };
		A570ECC71E27A5FC001BA181 /* AppDelegate.m in Sources */ = {isa = PBXBuildFile; fileRef = A570ECC61E27A5FC001BA181 /* AppDelegate.m */; };
		A570ECCD1E27A5FC001BA181 /* Main.storyboard in Resources */ = {isa = PBXBuildFile; fileRef = A570ECCB1E27A5FC001BA181 /* Main.storyboard */; };
		A570ECCF1E27A5FC001BA181 /* Assets.xcassets in Resources */ = {isa = PBXBuildFile; fileRef = A570ECCE1E27A5FC001BA181 /* Assets.xcassets */; };
		A570ECD21E27A5FD001BA181 /* LaunchScreen.storyboard in Resources */ = {isa = PBXBuildFile; fileRef = A570ECD01E27A5FD001BA181 /* LaunchScreen.storyboard */; };
		A570ECDB1E27A61B001BA181 /* PubNub.framework in Frameworks */ = {isa = PBXBuildFile; fileRef = A570ECDA1E27A61B001BA181 /* PubNub.framework */; };
		A570ECDC1E27A660001BA181 /* PubNub.framework in Frameworks */ = {isa = PBXBuildFile; fileRef = A570ECDA1E27A61B001BA181 /* PubNub.framework */; };
		A570ECDD1E27A660001BA181 /* PubNub.framework in Embed Frameworks */ = {isa = PBXBuildFile; fileRef = A570ECDA1E27A61B001BA181 /* PubNub.framework */; settings = {ATTRIBUTES = (CodeSignOnCopy, RemoveHeadersOnCopy, ); }; };
		A596D06B1E94E57F002D01CB /* SYCChatModule.m in Sources */ = {isa = PBXBuildFile; fileRef = A596D06A1E94E57F002D01CB /* SYCChatModule.m */; };
/* End PBXBuildFile section */

/* Begin PBXCopyFilesBuildPhase section */
		A570ECDE1E27A660001BA181 /* Embed Frameworks */ = {
			isa = PBXCopyFilesBuildPhase;
			buildActionMask = 2147483647;
			dstPath = "";
			dstSubfolderSpec = 10;
			files = (
				A570ECDD1E27A660001BA181 /* PubNub.framework in Embed Frameworks */,
			);
			name = "Embed Frameworks";
			runOnlyForDeploymentPostprocessing = 0;
		};
/* End PBXCopyFilesBuildPhase section */

/* Begin PBXFileReference section */
		A52240451E8E1FC500383D22 /* AFHTTPSessionManager.h */ = {isa = PBXFileReference; fileEncoding = 4; lastKnownFileType = sourcecode.c.h; path = AFHTTPSessionManager.h; sourceTree = "<group>"; };
		A52240461E8E1FC500383D22 /* AFHTTPSessionManager.m */ = {isa = PBXFileReference; fileEncoding = 4; lastKnownFileType = sourcecode.c.objc; path = AFHTTPSessionManager.m; sourceTree = "<group>"; };
		A52240471E8E1FC500383D22 /* AFNetworking.h */ = {isa = PBXFileReference; fileEncoding = 4; lastKnownFileType = sourcecode.c.h; path = AFNetworking.h; sourceTree = "<group>"; };
		A52240481E8E1FC500383D22 /* AFNetworkReachabilityManager.h */ = {isa = PBXFileReference; fileEncoding = 4; lastKnownFileType = sourcecode.c.h; path = AFNetworkReachabilityManager.h; sourceTree = "<group>"; };
		A52240491E8E1FC500383D22 /* AFNetworkReachabilityManager.m */ = {isa = PBXFileReference; fileEncoding = 4; lastKnownFileType = sourcecode.c.objc; path = AFNetworkReachabilityManager.m; sourceTree = "<group>"; };
		A522404A1E8E1FC500383D22 /* AFSecurityPolicy.h */ = {isa = PBXFileReference; fileEncoding = 4; lastKnownFileType = sourcecode.c.h; path = AFSecurityPolicy.h; sourceTree = "<group>"; };
		A522404B1E8E1FC500383D22 /* AFSecurityPolicy.m */ = {isa = PBXFileReference; fileEncoding = 4; lastKnownFileType = sourcecode.c.objc; path = AFSecurityPolicy.m; sourceTree = "<group>"; };
		A522404C1E8E1FC500383D22 /* AFURLRequestSerialization.h */ = {isa = PBXFileReference; fileEncoding = 4; lastKnownFileType = sourcecode.c.h; path = AFURLRequestSerialization.h; sourceTree = "<group>"; };
		A522404D1E8E1FC500383D22 /* AFURLRequestSerialization.m */ = {isa = PBXFileReference; fileEncoding = 4; lastKnownFileType = sourcecode.c.objc; path = AFURLRequestSerialization.m; sourceTree = "<group>"; };
		A522404E1E8E1FC500383D22 /* AFURLResponseSerialization.h */ = {isa = PBXFileReference; fileEncoding = 4; lastKnownFileType = sourcecode.c.h; path = AFURLResponseSerialization.h; sourceTree = "<group>"; };
		A522404F1E8E1FC500383D22 /* AFURLResponseSerialization.m */ = {isa = PBXFileReference; fileEncoding = 4; lastKnownFileType = sourcecode.c.objc; path = AFURLResponseSerialization.m; sourceTree = "<group>"; };
		A52240501E8E1FC500383D22 /* AFURLSessionManager.h */ = {isa = PBXFileReference; fileEncoding = 4; lastKnownFileType = sourcecode.c.h; path = AFURLSessionManager.h; sourceTree = "<group>"; };
		A52240511E8E1FC500383D22 /* AFURLSessionManager.m */ = {isa = PBXFileReference; fileEncoding = 4; lastKnownFileType = sourcecode.c.objc; path = AFURLSessionManager.m; sourceTree = "<group>"; };
		A52240581E8E1FF500383D22 /* SYCRequestManager.h */ = {isa = PBXFileReference; fileEncoding = 4; lastKnownFileType = sourcecode.c.h; path = SYCRequestManager.h; sourceTree = "<group>"; };
		A52240591E8E1FF500383D22 /* SYCRequestManager.m */ = {isa = PBXFileReference; fileEncoding = 4; lastKnownFileType = sourcecode.c.objc; path = SYCRequestManager.m; sourceTree = "<group>"; };
		A522405D1E8E6B2400383D22 /* libsqlite3.tbd */ = {isa = PBXFileReference; lastKnownFileType = "sourcecode.text-based-dylib-definition"; name = libsqlite3.tbd; path = usr/lib/libsqlite3.tbd; sourceTree = SDKROOT; };
		A52240611E8E6B5C00383D22 /* SYCDataManager.h */ = {isa = PBXFileReference; fileEncoding = 4; lastKnownFileType = sourcecode.c.h; path = SYCDataManager.h; sourceTree = "<group>"; };
		A52240621E8E6B5C00383D22 /* SYCDataManager.m */ = {isa = PBXFileReference; fileEncoding = 4; lastKnownFileType = sourcecode.c.objc; path = SYCDataManager.m; sourceTree = "<group>"; };
		A53C1AC11E8CDF090061E11D /* SYC.pch */ = {isa = PBXFileReference; lastKnownFileType = sourcecode.c.h; path = SYC.pch; sourceTree = "<group>"; };
		A53C1AC21E8CDF6E0061E11D /* Constant.h */ = {isa = PBXFileReference; lastKnownFileType = sourcecode.c.h; path = Constant.h; sourceTree = "<group>"; };
		A53C1ACE1E8CE0650061E11D /* AllContactViewController.h */ = {isa = PBXFileReference; fileEncoding = 4; lastKnownFileType = sourcecode.c.h; path = AllContactViewController.h; sourceTree = "<group>"; };
		A53C1ACF1E8CE0650061E11D /* AllContactViewController.m */ = {isa = PBXFileReference; fileEncoding = 4; lastKnownFileType = sourcecode.c.objc; path = AllContactViewController.m; sourceTree = "<group>"; };
		A53C1AD01E8CE0650061E11D /* IndividualchatViewController.h */ = {isa = PBXFileReference; fileEncoding = 4; lastKnownFileType = sourcecode.c.h; path = IndividualchatViewController.h; sourceTree = "<group>"; };
		A53C1AD11E8CE0650061E11D /* IndividualchatViewController.m */ = {isa = PBXFileReference; fileEncoding = 4; lastKnownFileType = sourcecode.c.objc; path = IndividualchatViewController.m; sourceTree = "<group>"; };
		A53C1AD21E8CE0650061E11D /* OnlineuserViewController.h */ = {isa = PBXFileReference; fileEncoding = 4; lastKnownFileType = sourcecode.c.h; path = OnlineuserViewController.h; sourceTree = "<group>"; };
		A53C1AD31E8CE0650061E11D /* OnlineuserViewController.m */ = {isa = PBXFileReference; fileEncoding = 4; lastKnownFileType = sourcecode.c.objc; path = OnlineuserViewController.m; sourceTree = "<group>"; };
		A53C1AD41E8CE0650061E11D /* ViewController.h */ = {isa = PBXFileReference; fileEncoding = 4; lastKnownFileType = sourcecode.c.h; path = ViewController.h; sourceTree = "<group>"; };
		A53C1AD51E8CE0650061E11D /* ViewController.m */ = {isa = PBXFileReference; fileEncoding = 4; lastKnownFileType = sourcecode.c.objc; path = ViewController.m; sourceTree = "<group>"; };
		A53C1ADB1E8CE09A0061E11D /* chatcellTableViewCell.h */ = {isa = PBXFileReference; fileEncoding = 4; lastKnownFileType = sourcecode.c.h; path = chatcellTableViewCell.h; sourceTree = "<group>"; };
		A53C1ADC1E8CE09A0061E11D /* chatcellTableViewCell.m */ = {isa = PBXFileReference; fileEncoding = 4; lastKnownFileType = sourcecode.c.objc; path = chatcellTableViewCell.m; sourceTree = "<group>"; };
		A53C1AE01E8CE0F60061E11D /* Constantobject.h */ = {isa = PBXFileReference; fileEncoding = 4; lastKnownFileType = sourcecode.c.h; path = Constantobject.h; sourceTree = "<group>"; };
		A53C1AE11E8CE0F60061E11D /* Constantobject.m */ = {isa = PBXFileReference; fileEncoding = 4; lastKnownFileType = sourcecode.c.objc; path = Constantobject.m; sourceTree = "<group>"; };
		A53C1AE21E8CE0F60061E11D /* Contact.h */ = {isa = PBXFileReference; fileEncoding = 4; lastKnownFileType = sourcecode.c.h; path = Contact.h; sourceTree = "<group>"; };
		A53C1AE31E8CE0F60061E11D /* Contact.m */ = {isa = PBXFileReference; fileEncoding = 4; lastKnownFileType = sourcecode.c.objc; path = Contact.m; sourceTree = "<group>"; };
		A53C1AE71E8CE14E0061E11D /* ChatConfig.h */ = {isa = PBXFileReference; fileEncoding = 4; lastKnownFileType = sourcecode.c.h; path = ChatConfig.h; sourceTree = "<group>"; };
		A53C1AE81E8CE14E0061E11D /* ChatConfig.m */ = {isa = PBXFileReference; fileEncoding = 4; lastKnownFileType = sourcecode.c.objc; path = ChatConfig.m; sourceTree = "<group>"; };
		A53C1AEC1E8CFF100061E11D /* offline.png */ = {isa = PBXFileReference; lastKnownFileType = image.png; path = offline.png; sourceTree = "<group>"; };
		A53C1AED1E8CFF100061E11D /* online.png */ = {isa = PBXFileReference; lastKnownFileType = image.png; path = online.png; sourceTree = "<group>"; };
		A53C1AF31E8CFFA90061E11D /* SYCStatusCell.h */ = {isa = PBXFileReference; fileEncoding = 4; lastKnownFileType = sourcecode.c.h; path = SYCStatusCell.h; sourceTree = "<group>"; };
		A53C1AF41E8CFFA90061E11D /* SYCStatusCell.m */ = {isa = PBXFileReference; fileEncoding = 4; lastKnownFileType = sourcecode.c.objc; path = SYCStatusCell.m; sourceTree = "<group>"; };
		A53C1AF71E8D1B7D0061E11D /* SYCAskerQustionCell.h */ = {isa = PBXFileReference; fileEncoding = 4; lastKnownFileType = sourcecode.c.h; path = SYCAskerQustionCell.h; sourceTree = "<group>"; };
		A53C1AF81E8D1B7D0061E11D /* SYCAskerQustionCell.m */ = {isa = PBXFileReference; fileEncoding = 4; lastKnownFileType = sourcecode.c.objc; path = SYCAskerQustionCell.m; sourceTree = "<group>"; };
		A53C1AFA1E8D1BC60061E11D /* SYCAskerQusetionController.h */ = {isa = PBXFileReference; fileEncoding = 4; lastKnownFileType = sourcecode.c.h; path = SYCAskerQusetionController.h; sourceTree = "<group>"; };
		A53C1AFB1E8D1BC60061E11D /* SYCAskerQusetionController.m */ = {isa = PBXFileReference; fileEncoding = 4; lastKnownFileType = sourcecode.c.objc; path = SYCAskerQusetionController.m; sourceTree = "<group>"; };
		A53CE6B31E921507003F0214 /* SWRevealViewController.h */ = {isa = PBXFileReference; fileEncoding = 4; lastKnownFileType = sourcecode.c.h; path = SWRevealViewController.h; sourceTree = "<group>"; };
		A53CE6B41E921507003F0214 /* SWRevealViewController.m */ = {isa = PBXFileReference; fileEncoding = 4; lastKnownFileType = sourcecode.c.objc; path = SWRevealViewController.m; sourceTree = "<group>"; };
		A53CE6B61E921640003F0214 /* SYCMenuViewController.h */ = {isa = PBXFileReference; fileEncoding = 4; lastKnownFileType = sourcecode.c.h; path = SYCMenuViewController.h; sourceTree = "<group>"; };
		A53CE6B71E921640003F0214 /* SYCMenuViewController.m */ = {isa = PBXFileReference; fileEncoding = 4; lastKnownFileType = sourcecode.c.objc; path = SYCMenuViewController.m; sourceTree = "<group>"; };
		A53CE6B91E921897003F0214 /* sidebaricon.png */ = {isa = PBXFileReference; lastKnownFileType = image.png; path = sidebaricon.png; sourceTree = "<group>"; };
		A56525451E8F866A00BB676A /* SYCQusetionAnswerController.h */ = {isa = PBXFileReference; fileEncoding = 4; lastKnownFileType = sourcecode.c.h; path = SYCQusetionAnswerController.h; sourceTree = "<group>"; };
		A56525461E8F866A00BB676A /* SYCQusetionAnswerController.m */ = {isa = PBXFileReference; fileEncoding = 4; lastKnownFileType = sourcecode.c.objc; path = SYCQusetionAnswerController.m; sourceTree = "<group>"; };
		A56525491E8F8A3300BB676A /* HPGrowingTextView.h */ = {isa = PBXFileReference; fileEncoding = 4; lastKnownFileType = sourcecode.c.h; path = HPGrowingTextView.h; sourceTree = "<group>"; };
		A565254A1E8F8A3300BB676A /* HPGrowingTextView.m */ = {isa = PBXFileReference; fileEncoding = 4; lastKnownFileType = sourcecode.c.objc; path = HPGrowingTextView.m; sourceTree = "<group>"; };
		A565254B1E8F8A3300BB676A /* HPTextViewInternal.h */ = {isa = PBXFileReference; fileEncoding = 4; lastKnownFileType = sourcecode.c.h; path = HPTextViewInternal.h; sourceTree = "<group>"; };
		A565254C1E8F8A3300BB676A /* HPTextViewInternal.m */ = {isa = PBXFileReference; fileEncoding = 4; lastKnownFileType = sourcecode.c.objc; path = HPTextViewInternal.m; sourceTree = "<group>"; };
		A565254D1E8F8A3300BB676A /* malerts.png */ = {isa = PBXFileReference; lastKnownFileType = image.png; path = malerts.png; sourceTree = "<group>"; };
		A565254E1E8F8A3300BB676A /* malerts@2x.png */ = {isa = PBXFileReference; lastKnownFileType = image.png; path = "malerts@2x.png"; sourceTree = "<group>"; };
		A565254F1E8F8A3300BB676A /* malerts@@3x.png */ = {isa = PBXFileReference; lastKnownFileType = image.png; path = "malerts@@3x.png"; sourceTree = "<group>"; };
		A56525501E8F8A3300BB676A /* MessageEntryBackground.png */ = {isa = PBXFileReference; lastKnownFileType = image.png; path = MessageEntryBackground.png; sourceTree = "<group>"; };
		A56525511E8F8A3300BB676A /* MessageEntryBackground@2x.png */ = {isa = PBXFileReference; lastKnownFileType = image.png; path = "MessageEntryBackground@2x.png"; sourceTree = "<group>"; };
		A56525521E8F8A3300BB676A /* MessageEntryBackground@3x.png */ = {isa = PBXFileReference; lastKnownFileType = image.png; path = "MessageEntryBackground@3x.png"; sourceTree = "<group>"; };
		A56525531E8F8A3300BB676A /* MessageEntryInputField.png */ = {isa = PBXFileReference; lastKnownFileType = image.png; path = MessageEntryInputField.png; sourceTree = "<group>"; };
		A56525541E8F8A3300BB676A /* MessageEntryInputField@2x.png */ = {isa = PBXFileReference; lastKnownFileType = image.png; path = "MessageEntryInputField@2x.png"; sourceTree = "<group>"; };
		A56525551E8F8A3300BB676A /* MessageEntrySendButton.png */ = {isa = PBXFileReference; lastKnownFileType = image.png; path = MessageEntrySendButton.png; sourceTree = "<group>"; };
		A56525561E8F8A3300BB676A /* MessageEntrySendButton@2x.png */ = {isa = PBXFileReference; lastKnownFileType = image.png; path = "MessageEntrySendButton@2x.png"; sourceTree = "<group>"; };
		A56525571E8F8A3300BB676A /* MessageEntrySendButtonPressed.png */ = {isa = PBXFileReference; lastKnownFileType = image.png; path = MessageEntrySendButtonPressed.png; sourceTree = "<group>"; };
		A56525581E8F8A3300BB676A /* MessageEntrySendButtonPressed@2x.png */ = {isa = PBXFileReference; lastKnownFileType = image.png; path = "MessageEntrySendButtonPressed@2x.png"; sourceTree = "<group>"; };
		A56525681E8F9CA200BB676A /* SYCQACellTableViewCell.h */ = {isa = PBXFileReference; fileEncoding = 4; lastKnownFileType = sourcecode.c.h; path = SYCQACellTableViewCell.h; sourceTree = "<group>"; };
		A56525691E8F9CA200BB676A /* SYCQACellTableViewCell.m */ = {isa = PBXFileReference; fileEncoding = 4; lastKnownFileType = sourcecode.c.objc; path = SYCQACellTableViewCell.m; sourceTree = "<group>"; };
		A565256C1E8FBF8500BB676A /* Database.pages */ = {isa = PBXFileReference; lastKnownFileType = file; path = Database.pages; sourceTree = "<group>"; };
		A56DF0441E2CD50600CE97C7 /* Contacts.framework */ = {isa = PBXFileReference; lastKnownFileType = wrapper.framework; name = Contacts.framework; path = System/Library/Frameworks/Contacts.framework; sourceTree = SDKROOT; };
		A570ECBF1E27A5FC001BA181 /* Chatapp.app */ = {isa = PBXFileReference; explicitFileType = wrapper.application; includeInIndex = 0; path = Chatapp.app; sourceTree = BUILT_PRODUCTS_DIR; };
		A570ECC31E27A5FC001BA181 /* main.m */ = {isa = PBXFileReference; lastKnownFileType = sourcecode.c.objc; path = main.m; sourceTree = "<group>"; };
		A570ECC51E27A5FC001BA181 /* AppDelegate.h */ = {isa = PBXFileReference; lastKnownFileType = sourcecode.c.h; path = AppDelegate.h; sourceTree = "<group>"; };
		A570ECC61E27A5FC001BA181 /* AppDelegate.m */ = {isa = PBXFileReference; lastKnownFileType = sourcecode.c.objc; path = AppDelegate.m; sourceTree = "<group>"; };
		A570ECCC1E27A5FC001BA181 /* Base */ = {isa = PBXFileReference; lastKnownFileType = file.storyboard; name = Base; path = Base.lproj/Main.storyboard; sourceTree = "<group>"; };
		A570ECCE1E27A5FC001BA181 /* Assets.xcassets */ = {isa = PBXFileReference; lastKnownFileType = folder.assetcatalog; path = Assets.xcassets; sourceTree = "<group>"; };
		A570ECD11E27A5FD001BA181 /* Base */ = {isa = PBXFileReference; lastKnownFileType = file.storyboard; name = Base; path = Base.lproj/LaunchScreen.storyboard; sourceTree = "<group>"; };
		A570ECD31E27A5FD001BA181 /* Info.plist */ = {isa = PBXFileReference; lastKnownFileType = text.plist.xml; path = Info.plist; sourceTree = "<group>"; };
		A570ECDA1E27A61B001BA181 /* PubNub.framework */ = {isa = PBXFileReference; lastKnownFileType = wrapper.framework; path = PubNub.framework; sourceTree = "<group>"; };
		A596D0691E94E57F002D01CB /* SYCChatModule.h */ = {isa = PBXFileReference; fileEncoding = 4; lastKnownFileType = sourcecode.c.h; path = SYCChatModule.h; sourceTree = "<group>"; };
		A596D06A1E94E57F002D01CB /* SYCChatModule.m */ = {isa = PBXFileReference; fileEncoding = 4; lastKnownFileType = sourcecode.c.objc; path = SYCChatModule.m; sourceTree = "<group>"; };
/* End PBXFileReference section */

/* Begin PBXFrameworksBuildPhase section */
		A570ECBC1E27A5FC001BA181 /* Frameworks */ = {
			isa = PBXFrameworksBuildPhase;
			buildActionMask = 2147483647;
			files = (
				A522405E1E8E6B2400383D22 /* libsqlite3.tbd in Frameworks */,
				A56DF0451E2CD50600CE97C7 /* Contacts.framework in Frameworks */,
				A570ECDC1E27A660001BA181 /* PubNub.framework in Frameworks */,
				A570ECDB1E27A61B001BA181 /* PubNub.framework in Frameworks */,
			);
			runOnlyForDeploymentPostprocessing = 0;
		};
/* End PBXFrameworksBuildPhase section */

/* Begin PBXGroup section */
		A52240431E8E1FAF00383D22 /* SYCManager */ = {
			isa = PBXGroup;
			children = (
				A52240581E8E1FF500383D22 /* SYCRequestManager.h */,
				A52240591E8E1FF500383D22 /* SYCRequestManager.m */,
			);
			path = SYCManager;
			sourceTree = "<group>";
		};
		A52240441E8E1FC500383D22 /* AFNetworking */ = {
			isa = PBXGroup;
			children = (
				A52240451E8E1FC500383D22 /* AFHTTPSessionManager.h */,
				A52240461E8E1FC500383D22 /* AFHTTPSessionManager.m */,
				A52240471E8E1FC500383D22 /* AFNetworking.h */,
				A52240481E8E1FC500383D22 /* AFNetworkReachabilityManager.h */,
				A52240491E8E1FC500383D22 /* AFNetworkReachabilityManager.m */,
				A522404A1E8E1FC500383D22 /* AFSecurityPolicy.h */,
				A522404B1E8E1FC500383D22 /* AFSecurityPolicy.m */,
				A522404C1E8E1FC500383D22 /* AFURLRequestSerialization.h */,
				A522404D1E8E1FC500383D22 /* AFURLRequestSerialization.m */,
				A522404E1E8E1FC500383D22 /* AFURLResponseSerialization.h */,
				A522404F1E8E1FC500383D22 /* AFURLResponseSerialization.m */,
				A52240501E8E1FC500383D22 /* AFURLSessionManager.h */,
				A52240511E8E1FC500383D22 /* AFURLSessionManager.m */,
			);
			path = AFNetworking;
			sourceTree = "<group>";
		};
		A52240601E8E6B4700383D22 /* SYCChatManager */ = {
			isa = PBXGroup;
			children = (
				A52240611E8E6B5C00383D22 /* SYCDataManager.h */,
				A52240621E8E6B5C00383D22 /* SYCDataManager.m */,
			);
			path = SYCChatManager;
			sourceTree = "<group>";
		};
		A53C1AC01E8CDED30061E11D /* Utilities */ = {
			isa = PBXGroup;
			children = (
				A53C1AEB1E8CFEC00061E11D /* Images */,
				A53C1AC21E8CDF6E0061E11D /* Constant.h */,
				A53C1AC11E8CDF090061E11D /* SYC.pch */,
			);
			path = Utilities;
			sourceTree = "<group>";
		};
		A53C1AC41E8CDFA10061E11D /* Model */ = {
			isa = PBXGroup;
			children = (
				A596D0681E94E565002D01CB /* SYCChatModuleManager */,
				A52240601E8E6B4700383D22 /* SYCChatManager */,
				A52240431E8E1FAF00383D22 /* SYCManager */,
				A53C1AE61E8CE1220061E11D /* ChatConfigurationModel */,
				A53C1ADF1E8CE0F60061E11D /* SYCModel */,
			);
			path = Model;
			sourceTree = "<group>";
		};
		A53C1ACD1E8CE0170061E11D /* Controller */ = {
			isa = PBXGroup;
			children = (
				A53C1ACE1E8CE0650061E11D /* AllContactViewController.h */,
				A53C1ACF1E8CE0650061E11D /* AllContactViewController.m */,
				A53C1AD01E8CE0650061E11D /* IndividualchatViewController.h */,
				A53C1AD11E8CE0650061E11D /* IndividualchatViewController.m */,
				A53C1AD21E8CE0650061E11D /* OnlineuserViewController.h */,
				A53C1AD31E8CE0650061E11D /* OnlineuserViewController.m */,
				A53C1AD41E8CE0650061E11D /* ViewController.h */,
				A53C1AD51E8CE0650061E11D /* ViewController.m */,
				A53C1AFA1E8D1BC60061E11D /* SYCAskerQusetionController.h */,
				A53C1AFB1E8D1BC60061E11D /* SYCAskerQusetionController.m */,
				A56525451E8F866A00BB676A /* SYCQusetionAnswerController.h */,
				A56525461E8F866A00BB676A /* SYCQusetionAnswerController.m */,
				A53CE6B61E921640003F0214 /* SYCMenuViewController.h */,
				A53CE6B71E921640003F0214 /* SYCMenuViewController.m */,
			);
			path = Controller;
			sourceTree = "<group>";
		};
		A53C1ADA1E8CE0860061E11D /* Cell */ = {
			isa = PBXGroup;
			children = (
				A53C1ADB1E8CE09A0061E11D /* chatcellTableViewCell.h */,
				A53C1ADC1E8CE09A0061E11D /* chatcellTableViewCell.m */,
				A53C1AF31E8CFFA90061E11D /* SYCStatusCell.h */,
				A53C1AF41E8CFFA90061E11D /* SYCStatusCell.m */,
				A53C1AF71E8D1B7D0061E11D /* SYCAskerQustionCell.h */,
				A53C1AF81E8D1B7D0061E11D /* SYCAskerQustionCell.m */,
				A56525681E8F9CA200BB676A /* SYCQACellTableViewCell.h */,
				A56525691E8F9CA200BB676A /* SYCQACellTableViewCell.m */,
			);
			path = Cell;
			sourceTree = "<group>";
		};
		A53C1ADF1E8CE0F60061E11D /* SYCModel */ = {
			isa = PBXGroup;
			children = (
				A53C1AE01E8CE0F60061E11D /* Constantobject.h */,
				A53C1AE11E8CE0F60061E11D /* Constantobject.m */,
				A53C1AE21E8CE0F60061E11D /* Contact.h */,
				A53C1AE31E8CE0F60061E11D /* Contact.m */,
			);
			path = SYCModel;
			sourceTree = "<group>";
		};
		A53C1AE61E8CE1220061E11D /* ChatConfigurationModel */ = {
			isa = PBXGroup;
			children = (
				A53C1AE71E8CE14E0061E11D /* ChatConfig.h */,
				A53C1AE81E8CE14E0061E11D /* ChatConfig.m */,
			);
			path = ChatConfigurationModel;
			sourceTree = "<group>";
		};
		A53C1AEB1E8CFEC00061E11D /* Images */ = {
			isa = PBXGroup;
			children = (
				A53CE6B91E921897003F0214 /* sidebaricon.png */,
				A53C1AEC1E8CFF100061E11D /* offline.png */,
				A53C1AED1E8CFF100061E11D /* online.png */,
			);
			path = Images;
			sourceTree = "<group>";
		};
		A53CE6B21E921507003F0214 /* Menu */ = {
			isa = PBXGroup;
			children = (
				A53CE6B31E921507003F0214 /* SWRevealViewController.h */,
				A53CE6B41E921507003F0214 /* SWRevealViewController.m */,
			);
			path = Menu;
			sourceTree = "<group>";
		};
		A56525481E8F8A3300BB676A /* Chatfiled */ = {
			isa = PBXGroup;
			children = (
				A56525491E8F8A3300BB676A /* HPGrowingTextView.h */,
				A565254A1E8F8A3300BB676A /* HPGrowingTextView.m */,
				A565254B1E8F8A3300BB676A /* HPTextViewInternal.h */,
				A565254C1E8F8A3300BB676A /* HPTextViewInternal.m */,
				A565254D1E8F8A3300BB676A /* malerts.png */,
				A565254E1E8F8A3300BB676A /* malerts@2x.png */,
				A565254F1E8F8A3300BB676A /* malerts@@3x.png */,
				A56525501E8F8A3300BB676A /* MessageEntryBackground.png */,
				A56525511E8F8A3300BB676A /* MessageEntryBackground@2x.png */,
				A56525521E8F8A3300BB676A /* MessageEntryBackground@3x.png */,
				A56525531E8F8A3300BB676A /* MessageEntryInputField.png */,
				A56525541E8F8A3300BB676A /* MessageEntryInputField@2x.png */,
				A56525551E8F8A3300BB676A /* MessageEntrySendButton.png */,
				A56525561E8F8A3300BB676A /* MessageEntrySendButton@2x.png */,
				A56525571E8F8A3300BB676A /* MessageEntrySendButtonPressed.png */,
				A56525581E8F8A3300BB676A /* MessageEntrySendButtonPressed@2x.png */,
			);
			path = Chatfiled;
			sourceTree = "<group>";
		};
		A565256B1E8FBF8500BB676A /* Doc */ = {
			isa = PBXGroup;
			children = (
				A565256C1E8FBF8500BB676A /* Database.pages */,
			);
			path = Doc;
			sourceTree = "<group>";
		};
		A56DF0431E2CD50600CE97C7 /* Frameworks */ = {
			isa = PBXGroup;
			children = (
				A522405D1E8E6B2400383D22 /* libsqlite3.tbd */,
				A56DF0441E2CD50600CE97C7 /* Contacts.framework */,
			);
			name = Frameworks;
			sourceTree = "<group>";
		};
		A570ECB61E27A5FC001BA181 = {
			isa = PBXGroup;
			children = (
				A570ECC11E27A5FC001BA181 /* Chatapp */,
				A570ECC01E27A5FC001BA181 /* Products */,
				A56DF0431E2CD50600CE97C7 /* Frameworks */,
			);
			sourceTree = "<group>";
		};
		A570ECC01E27A5FC001BA181 /* Products */ = {
			isa = PBXGroup;
			children = (
				A570ECBF1E27A5FC001BA181 /* Chatapp.app */,
			);
			name = Products;
			sourceTree = "<group>";
		};
		A570ECC11E27A5FC001BA181 /* Chatapp */ = {
			isa = PBXGroup;
			children = (
				A53C1ADA1E8CE0860061E11D /* Cell */,
				A53C1ACD1E8CE0170061E11D /* Controller */,
				A53C1AC41E8CDFA10061E11D /* Model */,
				A53C1AC01E8CDED30061E11D /* Utilities */,
				A570ECD91E27A61B001BA181 /* lib */,
				A570ECC51E27A5FC001BA181 /* AppDelegate.h */,
				A570ECC61E27A5FC001BA181 /* AppDelegate.m */,
				A570ECCB1E27A5FC001BA181 /* Main.storyboard */,
				A570ECCE1E27A5FC001BA181 /* Assets.xcassets */,
				A570ECD01E27A5FD001BA181 /* LaunchScreen.storyboard */,
				A570ECD31E27A5FD001BA181 /* Info.plist */,
				A570ECC21E27A5FC001BA181 /* Supporting Files */,
			);
			path = Chatapp;
			sourceTree = "<group>";
		};
		A570ECC21E27A5FC001BA181 /* Supporting Files */ = {
			isa = PBXGroup;
			children = (
				A570ECC31E27A5FC001BA181 /* main.m */,
			);
			name = "Supporting Files";
			sourceTree = "<group>";
		};
		A570ECD91E27A61B001BA181 /* lib */ = {
			isa = PBXGroup;
			children = (
				A53CE6B21E921507003F0214 /* Menu */,
				A565256B1E8FBF8500BB676A /* Doc */,
				A56525481E8F8A3300BB676A /* Chatfiled */,
				A52240441E8E1FC500383D22 /* AFNetworking */,
				A570ECDA1E27A61B001BA181 /* PubNub.framework */,
			);
			path = lib;
			sourceTree = SOURCE_ROOT;
		};
		A596D0681E94E565002D01CB /* SYCChatModuleManager */ = {
			isa = PBXGroup;
			children = (
				A596D0691E94E57F002D01CB /* SYCChatModule.h */,
				A596D06A1E94E57F002D01CB /* SYCChatModule.m */,
			);
			path = SYCChatModuleManager;
			sourceTree = "<group>";
		};
/* End PBXGroup section */

/* Begin PBXNativeTarget section */
		A570ECBE1E27A5FC001BA181 /* Chatapp */ = {
			isa = PBXNativeTarget;
			buildConfigurationList = A570ECD61E27A5FD001BA181 /* Build configuration list for PBXNativeTarget "Chatapp" */;
			buildPhases = (
				A570ECBB1E27A5FC001BA181 /* Sources */,
				A570ECBC1E27A5FC001BA181 /* Frameworks */,
				A570ECBD1E27A5FC001BA181 /* Resources */,
				A570ECDE1E27A660001BA181 /* Embed Frameworks */,
			);
			buildRules = (
			);
			dependencies = (
			);
			name = Chatapp;
			productName = Chatapp;
			productReference = A570ECBF1E27A5FC001BA181 /* Chatapp.app */;
			productType = "com.apple.product-type.application";
		};
/* End PBXNativeTarget section */

/* Begin PBXProject section */
		A570ECB71E27A5FC001BA181 /* Project object */ = {
			isa = PBXProject;
			attributes = {
				LastUpgradeCheck = 0800;
				ORGANIZATIONNAME = test;
				TargetAttributes = {
					A570ECBE1E27A5FC001BA181 = {
						CreatedOnToolsVersion = 8.0;
						DevelopmentTeam = CBZE86VY6D;
						ProvisioningStyle = Automatic;
					};
				};
			};
			buildConfigurationList = A570ECBA1E27A5FC001BA181 /* Build configuration list for PBXProject "Chatapp" */;
			compatibilityVersion = "Xcode 3.2";
			developmentRegion = English;
			hasScannedForEncodings = 0;
			knownRegions = (
				en,
				Base,
			);
			mainGroup = A570ECB61E27A5FC001BA181;
			productRefGroup = A570ECC01E27A5FC001BA181 /* Products */;
			projectDirPath = "";
			projectRoot = "";
			targets = (
				A570ECBE1E27A5FC001BA181 /* Chatapp */,
			);
		};
/* End PBXProject section */

/* Begin PBXResourcesBuildPhase section */
		A570ECBD1E27A5FC001BA181 /* Resources */ = {
			isa = PBXResourcesBuildPhase;
			buildActionMask = 2147483647;
			files = (
				A565255B1E8F8A3300BB676A /* malerts.png in Resources */,
				A53CE6BA1E921897003F0214 /* sidebaricon.png in Resources */,
				A565256D1E8FBF8500BB676A /* Database.pages in Resources */,
				A56525621E8F8A3300BB676A /* MessageEntryInputField@2x.png in Resources */,
				A56525631E8F8A3300BB676A /* MessageEntrySendButton.png in Resources */,
				A56525661E8F8A3300BB676A /* MessageEntrySendButtonPressed@2x.png in Resources */,
				A570ECD21E27A5FD001BA181 /* LaunchScreen.storyboard in Resources */,
				A53C1AEE1E8CFF100061E11D /* offline.png in Resources */,
				A56525651E8F8A3300BB676A /* MessageEntrySendButtonPressed.png in Resources */,
				A570ECCF1E27A5FC001BA181 /* Assets.xcassets in Resources */,
				A56525611E8F8A3300BB676A /* MessageEntryInputField.png in Resources */,
				A56525601E8F8A3300BB676A /* MessageEntryBackground@3x.png in Resources */,
				A53C1AEF1E8CFF100061E11D /* online.png in Resources */,
				A56525641E8F8A3300BB676A /* MessageEntrySendButton@2x.png in Resources */,
				A565255F1E8F8A3300BB676A /* MessageEntryBackground@2x.png in Resources */,
				A565255D1E8F8A3300BB676A /* malerts@@3x.png in Resources */,
				A565255C1E8F8A3300BB676A /* malerts@2x.png in Resources */,
				A570ECCD1E27A5FC001BA181 /* Main.storyboard in Resources */,
				A565255E1E8F8A3300BB676A /* MessageEntryBackground.png in Resources */,
			);
			runOnlyForDeploymentPostprocessing = 0;
		};
/* End PBXResourcesBuildPhase section */

/* Begin PBXSourcesBuildPhase section */
		A570ECBB1E27A5FC001BA181 /* Sources */ = {
			isa = PBXSourcesBuildPhase;
			buildActionMask = 2147483647;
			files = (
				A53C1AE41E8CE0F60061E11D /* Constantobject.m in Sources */,
				A522405A1E8E1FF500383D22 /* SYCRequestManager.m in Sources */,
				A53C1AF51E8CFFA90061E11D /* SYCStatusCell.m in Sources */,
				A53C1AE91E8CE14E0061E11D /* ChatConfig.m in Sources */,
				A53C1AD91E8CE0650061E11D /* ViewController.m in Sources */,
				A53C1AF91E8D1B7D0061E11D /* SYCAskerQustionCell.m in Sources */,
				A52240631E8E6B5C00383D22 /* SYCDataManager.m in Sources */,
				A52240521E8E1FC500383D22 /* AFHTTPSessionManager.m in Sources */,
				A53C1AD81E8CE0650061E11D /* OnlineuserViewController.m in Sources */,
				A565256A1E8F9CA200BB676A /* SYCQACellTableViewCell.m in Sources */,
				A53CE6B81E921640003F0214 /* SYCMenuViewController.m in Sources */,
				A52240531E8E1FC500383D22 /* AFNetworkReachabilityManager.m in Sources */,
				A53C1AD71E8CE0650061E11D /* IndividualchatViewController.m in Sources */,
				A53C1AFC1E8D1BC60061E11D /* SYCAskerQusetionController.m in Sources */,
				A53CE6B51E921507003F0214 /* SWRevealViewController.m in Sources */,
				A565255A1E8F8A3300BB676A /* HPTextViewInternal.m in Sources */,
				A52240571E8E1FC500383D22 /* AFURLSessionManager.m in Sources */,
				A56525591E8F8A3300BB676A /* HPGrowingTextView.m in Sources */,
				A52240561E8E1FC500383D22 /* AFURLResponseSerialization.m in Sources */,
				A596D06B1E94E57F002D01CB /* SYCChatModule.m in Sources */,
				A570ECC71E27A5FC001BA181 /* AppDelegate.m in Sources */,
				A53C1AE51E8CE0F60061E11D /* Contact.m in Sources */,
				A52240551E8E1FC500383D22 /* AFURLRequestSerialization.m in Sources */,
				A56525471E8F866A00BB676A /* SYCQusetionAnswerController.m in Sources */,
				A52240541E8E1FC500383D22 /* AFSecurityPolicy.m in Sources */,
				A570ECC41E27A5FC001BA181 /* main.m in Sources */,
				A53C1ADD1E8CE09A0061E11D /* chatcellTableViewCell.m in Sources */,
				A53C1AD61E8CE0650061E11D /* AllContactViewController.m in Sources */,
			);
			runOnlyForDeploymentPostprocessing = 0;
		};
/* End PBXSourcesBuildPhase section */

/* Begin PBXVariantGroup section */
		A570ECCB1E27A5FC001BA181 /* Main.storyboard */ = {
			isa = PBXVariantGroup;
			children = (
				A570ECCC1E27A5FC001BA181 /* Base */,
			);
			name = Main.storyboard;
			sourceTree = "<group>";
		};
		A570ECD01E27A5FD001BA181 /* LaunchScreen.storyboard */ = {
			isa = PBXVariantGroup;
			children = (
				A570ECD11E27A5FD001BA181 /* Base */,
			);
			name = LaunchScreen.storyboard;
			sourceTree = "<group>";
		};
/* End PBXVariantGroup section */

/* Begin XCBuildConfiguration section */
		A570ECD41E27A5FD001BA181 /* Debug */ = {
			isa = XCBuildConfiguration;
			buildSettings = {
				ALWAYS_SEARCH_USER_PATHS = NO;
				CLANG_ANALYZER_NONNULL = YES;
				CLANG_CXX_LANGUAGE_STANDARD = "gnu++0x";
				CLANG_CXX_LIBRARY = "libc++";
				CLANG_ENABLE_MODULES = YES;
				CLANG_ENABLE_OBJC_ARC = YES;
				CLANG_WARN_BOOL_CONVERSION = YES;
				CLANG_WARN_CONSTANT_CONVERSION = YES;
				CLANG_WARN_DIRECT_OBJC_ISA_USAGE = YES_ERROR;
				CLANG_WARN_DOCUMENTATION_COMMENTS = YES;
				CLANG_WARN_EMPTY_BODY = YES;
				CLANG_WARN_ENUM_CONVERSION = YES;
				CLANG_WARN_INFINITE_RECURSION = YES;
				CLANG_WARN_INT_CONVERSION = YES;
				CLANG_WARN_OBJC_ROOT_CLASS = YES_ERROR;
				CLANG_WARN_SUSPICIOUS_MOVES = YES;
				CLANG_WARN_UNREACHABLE_CODE = YES;
				CLANG_WARN__DUPLICATE_METHOD_MATCH = YES;
				"CODE_SIGN_IDENTITY[sdk=iphoneos*]" = "iPhone Developer";
				COPY_PHASE_STRIP = NO;
				DEBUG_INFORMATION_FORMAT = dwarf;
				ENABLE_STRICT_OBJC_MSGSEND = YES;
				ENABLE_TESTABILITY = YES;
				GCC_C_LANGUAGE_STANDARD = gnu99;
				GCC_DYNAMIC_NO_PIC = NO;
				GCC_NO_COMMON_BLOCKS = YES;
				GCC_OPTIMIZATION_LEVEL = 0;
				GCC_PREPROCESSOR_DEFINITIONS = (
					"DEBUG=1",
					"$(inherited)",
				);
				GCC_WARN_64_TO_32_BIT_CONVERSION = YES;
				GCC_WARN_ABOUT_RETURN_TYPE = YES_ERROR;
				GCC_WARN_UNDECLARED_SELECTOR = YES;
				GCC_WARN_UNINITIALIZED_AUTOS = YES_AGGRESSIVE;
				GCC_WARN_UNUSED_FUNCTION = YES;
				GCC_WARN_UNUSED_VARIABLE = YES;
				IPHONEOS_DEPLOYMENT_TARGET = 10.0;
				MTL_ENABLE_DEBUG_INFO = YES;
				ONLY_ACTIVE_ARCH = YES;
				SDKROOT = iphoneos;
			};
			name = Debug;
		};
		A570ECD51E27A5FD001BA181 /* Release */ = {
			isa = XCBuildConfiguration;
			buildSettings = {
				ALWAYS_SEARCH_USER_PATHS = NO;
				CLANG_ANALYZER_NONNULL = YES;
				CLANG_CXX_LANGUAGE_STANDARD = "gnu++0x";
				CLANG_CXX_LIBRARY = "libc++";
				CLANG_ENABLE_MODULES = YES;
				CLANG_ENABLE_OBJC_ARC = YES;
				CLANG_WARN_BOOL_CONVERSION = YES;
				CLANG_WARN_CONSTANT_CONVERSION = YES;
				CLANG_WARN_DIRECT_OBJC_ISA_USAGE = YES_ERROR;
				CLANG_WARN_DOCUMENTATION_COMMENTS = YES;
				CLANG_WARN_EMPTY_BODY = YES;
				CLANG_WARN_ENUM_CONVERSION = YES;
				CLANG_WARN_INFINITE_RECURSION = YES;
				CLANG_WARN_INT_CONVERSION = YES;
				CLANG_WARN_OBJC_ROOT_CLASS = YES_ERROR;
				CLANG_WARN_SUSPICIOUS_MOVES = YES;
				CLANG_WARN_UNREACHABLE_CODE = YES;
				CLANG_WARN__DUPLICATE_METHOD_MATCH = YES;
				"CODE_SIGN_IDENTITY[sdk=iphoneos*]" = "iPhone Developer";
				COPY_PHASE_STRIP = NO;
				DEBUG_INFORMATION_FORMAT = "dwarf-with-dsym";
				ENABLE_NS_ASSERTIONS = NO;
				ENABLE_STRICT_OBJC_MSGSEND = YES;
				GCC_C_LANGUAGE_STANDARD = gnu99;
				GCC_NO_COMMON_BLOCKS = YES;
				GCC_WARN_64_TO_32_BIT_CONVERSION = YES;
				GCC_WARN_ABOUT_RETURN_TYPE = YES_ERROR;
				GCC_WARN_UNDECLARED_SELECTOR = YES;
				GCC_WARN_UNINITIALIZED_AUTOS = YES_AGGRESSIVE;
				GCC_WARN_UNUSED_FUNCTION = YES;
				GCC_WARN_UNUSED_VARIABLE = YES;
				IPHONEOS_DEPLOYMENT_TARGET = 10.0;
				MTL_ENABLE_DEBUG_INFO = NO;
				SDKROOT = iphoneos;
				VALIDATE_PRODUCT = YES;
			};
			name = Release;
		};
		A570ECD71E27A5FD001BA181 /* Debug */ = {
			isa = XCBuildConfiguration;
			buildSettings = {
				ASSETCATALOG_COMPILER_APPICON_NAME = AppIcon;
				DEVELOPMENT_TEAM = CBZE86VY6D;
				FRAMEWORK_SEARCH_PATHS = (
					"$(inherited)",
					"$(PROJECT_DIR)/lib",
				);
				GCC_PREFIX_HEADER = Chatapp/Utilities/SYC.pch;
				INFOPLIST_FILE = Chatapp/Info.plist;
				IPHONEOS_DEPLOYMENT_TARGET = 9.0;
				LD_RUNPATH_SEARCH_PATHS = "$(inherited) @executable_path/Frameworks";
				PRODUCT_BUNDLE_IDENTIFIER = com.Raza.Pushraza.Chatapp;
				PRODUCT_NAME = "$(TARGET_NAME)";
			};
			name = Debug;
		};
		A570ECD81E27A5FD001BA181 /* Release */ = {
			isa = XCBuildConfiguration;
			buildSettings = {
				ASSETCATALOG_COMPILER_APPICON_NAME = AppIcon;
				DEVELOPMENT_TEAM = CBZE86VY6D;
				FRAMEWORK_SEARCH_PATHS = (
					"$(inherited)",
					"$(PROJECT_DIR)/lib",
				);
				GCC_PREFIX_HEADER = Chatapp/Utilities/SYC.pch;
				INFOPLIST_FILE = Chatapp/Info.plist;
				IPHONEOS_DEPLOYMENT_TARGET = 9.0;
				LD_RUNPATH_SEARCH_PATHS = "$(inherited) @executable_path/Frameworks";
				PRODUCT_BUNDLE_IDENTIFIER = com.Raza.Pushraza.Chatapp;
				PRODUCT_NAME = "$(TARGET_NAME)";
			};
			name = Release;
		};
/* End XCBuildConfiguration section */

/* Begin XCConfigurationList section */
		A570ECBA1E27A5FC001BA181 /* Build configuration list for PBXProject "Chatapp" */ = {
			isa = XCConfigurationList;
			buildConfigurations = (
				A570ECD41E27A5FD001BA181 /* Debug */,
				A570ECD51E27A5FD001BA181 /* Release */,
			);
			defaultConfigurationIsVisible = 0;
			defaultConfigurationName = Release;
		};
		A570ECD61E27A5FD001BA181 /* Build configuration list for PBXNativeTarget "Chatapp" */ = {
			isa = XCConfigurationList;
			buildConfigurations = (
				A570ECD71E27A5FD001BA181 /* Debug */,
				A570ECD81E27A5FD001BA181 /* Release */,
			);
			defaultConfigurationIsVisible = 0;
			defaultConfigurationName = Release;
		};
/* End XCConfigurationList section */
	};
	rootObject = A570ECB71E27A5FC001BA181 /* Project object */;
}
